<?xml version="1.0" encoding="UTF-8" standalone="yes" ?>
<CodeBlocks_project_file>
	<FileVersion major="1" minor="6" />
	<Project>
		<Option title="CPUV4" />
		<Option pch_mode="2" />
		<Option compiler="gcc" />
		<Build>
			<Target title="Debug Win32">
				<Option output="CPU V4" prefix_auto="1" extension_auto="1" />
				<Option type="0" />
				<Option compiler="gcc" />
				<Compiler>
					<Add option="-DWIN32" />
					<Add option="-D_DEBUG" />
					<Add option="-D_CONSOLE" />
					<Add option="-D_LIB" />
				</Compiler>
			</Target>
			<Target title="Release Win32">
				<Option output="CPU V4" prefix_auto="1" extension_auto="1" />
				<Option type="0" />
				<Option compiler="gcc" />
				<Compiler>
					<Add option="-DWIN32" />
					<Add option="-DNDEBUG" />
					<Add option="-D_CONSOLE" />
					<Add option="-D_LIB" />
				</Compiler>
			</Target>
		</Build>
		<Unit filename="asm.cpp" />
		<Unit filename="asm_functions.cpp" />
		<Unit filename="asm_main.cpp" />
		<Unit filename="command_codes.h" />
		<Unit filename="cpu.cpp" />
		<Unit filename="cpu.h" />
		<Unit filename="main.cpp" />
		<Unit filename="object_stack.cpp" />
		<Extensions>
			<code_completion />
			<envvars />
			<debugger />
		</Extensions>
	</Project>
</CodeBlocks_project_file>
